
Microsoft Visual Studio Solution File, Format Version 12.00
# Visual Studio Version 17
VisualStudioVersion = 17.0.31903.59
MinimumVisualStudioVersion = 10.0.40219.1
Project("{2150E333-8FDC-42A3-9474-1A3956D46DE8}") = "src", "src", "{3F57F035-68A0-4E04-BE35-A33EB767237E}"
EndProject
Project("{FAE04EC0-301F-11D3-BF4B-00C04F79EFBC}") = "McpWeatherServer", "src\McpWeatherServer\McpWeatherServer.csproj", "{2F5CCEFF-45D0-4AAD-86AD-3E73E45C08CA}"
EndProject
Project("{FAE04EC0-301F-11D3-BF4B-00C04F79EFBC}") = "TraceAgentApi", "src\TraceAgentApi\TraceAgentApi.csproj", "{694BE3AB-CC5B-4F56-9C15-67D1414892CA}"
EndProject
Project("{FAE04EC0-301F-11D3-BF4B-00C04F79EFBC}") = "TraceAgentApi.Tests", "src\TraceAgentApi.Tests\TraceAgentApi.Tests.csproj", "{86FAA6AB-5B7D-4036-BE5B-EB6A0A7DAFC9}"
EndProject
Global
	GlobalSection(SolutionConfigurationPlatforms) = preSolution
		Debug|Any CPU = Debug|Any CPU
		Release|Any CPU = Release|Any CPU
	EndGlobalSection
	GlobalSection(SolutionProperties) = preSolution
		HideSolutionNode = FALSE
	EndGlobalSection
	GlobalSection(ProjectConfigurationPlatforms) = postSolution
		{2F5CCEFF-45D0-4AAD-86AD-3E73E45C08CA}.Debug|Any CPU.ActiveCfg = Debug|Any CPU
		{2F5CCEFF-45D0-4AAD-86AD-3E73E45C08CA}.Debug|Any CPU.Build.0 = Debug|Any CPU
		{2F5CCEFF-45D0-4AAD-86AD-3E73E45C08CA}.Release|Any CPU.ActiveCfg = Release|Any CPU
		{2F5CCEFF-45D0-4AAD-86AD-3E73E45C08CA}.Release|Any CPU.Build.0 = Release|Any CPU
		{694BE3AB-CC5B-4F56-9C15-67D1414892CA}.Debug|Any CPU.ActiveCfg = Debug|Any CPU
		{694BE3AB-CC5B-4F56-9C15-67D1414892CA}.Debug|Any CPU.Build.0 = Debug|Any CPU
		{694BE3AB-CC5B-4F56-9C15-67D1414892CA}.Release|Any CPU.ActiveCfg = Release|Any CPU
		{694BE3AB-CC5B-4F56-9C15-67D1414892CA}.Release|Any CPU.Build.0 = Release|Any CPU
		{86FAA6AB-5B7D-4036-BE5B-EB6A0A7DAFC9}.Debug|Any CPU.ActiveCfg = Debug|Any CPU
		{86FAA6AB-5B7D-4036-BE5B-EB6A0A7DAFC9}.Debug|Any CPU.Build.0 = Debug|Any CPU
		{86FAA6AB-5B7D-4036-BE5B-EB6A0A7DAFC9}.Release|Any CPU.ActiveCfg = Release|Any CPU
		{86FAA6AB-5B7D-4036-BE5B-EB6A0A7DAFC9}.Release|Any CPU.Build.0 = Release|Any CPU
	EndGlobalSection
	GlobalSection(NestedProjects) = preSolution
		{2F5CCEFF-45D0-4AAD-86AD-3E73E45C08CA} = {3F57F035-68A0-4E04-BE35-A33EB767237E}
		{694BE3AB-CC5B-4F56-9C15-67D1414892CA} = {3F57F035-68A0-4E04-BE35-A33EB767237E}
		{86FAA6AB-5B7D-4036-BE5B-EB6A0A7DAFC9} = {3F57F035-68A0-4E04-BE35-A33EB767237E}
	EndGlobalSection
EndGlobal
